# This file is automatically @generated by Cargo.
# It is not intended for manual editing.
version = 4

[[package]]
name = "kalcite-backend-rust"
version = "0.14.0"
source = "git+https://github.com/Kalcite-Engine/kalcite.git?rev=ebac908abbec9a1a7b0faa250c4f1ee3a294defd#ebac908abbec9a1a7b0faa250c4f1ee3a294defd"
dependencies = [
 "kalcite-hir",
 "kalcite-mir",
]

[[package]]
name = "kalcite-hir"
version = "0.14.0"
source = "git+https://github.com/Kalcite-Engine/kalcite.git?rev=ebac908abbec9a1a7b0faa250c4f1ee3a294defd#ebac908abbec9a1a7b0faa250c4f1ee3a294defd"
dependencies = [
 "kalcite-syntax",
]

[[package]]
name = "kalcite-mir"
version = "0.14.0"
source = "git+https://github.com/Kalcite-Engine/kalcite.git?rev=ebac908abbec9a1a7b0faa250c4f1ee3a294defd#ebac908abbec9a1a7b0faa250c4f1ee3a294defd"
dependencies = [
 "kalcite-hir",
 "kalcite-syntax",
]

[[package]]
name = "kalcite-syntax"
version = "0.2.0"
source = "git+https://github.com/Kalcite-Engine/kalcite.git?rev=ebac908abbec9a1a7b0faa250c4f1ee3a294defd#ebac908abbec9a1a7b0faa250c4f1ee3a294defd"

[[package]]
name = "kallyup"
version = "0.1.0"
dependencies = [
 "kalcite-backend-rust",
 "kalcite-hir",
 "kalcite-mir",
 "kalcite-syntax",
]
